
Microsoft Visual Studio Solution File, Format Version 12.00
# Visual Studio 15
VisualStudioVersion = 15.0.27703.2035
MinimumVisualStudioVersion = 10.0.40219.1
Project("{FAE04EC0-301F-11D3-BF4B-00C04F79EFBC}") = "FancyStuffForJc", "FancyStuffForJc\FancyStuffForJc.csproj", "{292DBD73-8C21-41C7-8B70-DD15F14DA93D}"
EndProject
Global
	GlobalSection(SolutionConfigurationPlatforms) = preSolution
		Debug|Any CPU = Debug|Any CPU
		Release|Any CPU = Release|Any CPU
	EndGlobalSection
	GlobalSection(ProjectConfigurationPlatforms) = postSolution
		{292DBD73-8C21-41C7-8B70-DD15F14DA93D}.Debug|Any CPU.ActiveCfg = Debug|Any CPU
		{292DBD73-8C21-41C7-8B70-DD15F14DA93D}.Debug|Any CPU.Build.0 = Debug|Any CPU
		{292DBD73-8C21-41C7-8B70-DD15F14DA93D}.Release|Any CPU.ActiveCfg = Release|Any CPU
		{292DBD73-8C21-41C7-8B70-DD15F14DA93D}.Release|Any CPU.Build.0 = Release|Any CPU
	EndGlobalSection
	GlobalSection(SolutionProperties) = preSolution
		HideSolutionNode = FALSE
	EndGlobalSection
	GlobalSection(ExtensibilityGlobals) = postSolution
		SolutionGuid = {85950F6C-1C2C-4F27-8E2C-22700AD3D175}
	EndGlobalSection
EndGlobal
